
Microsoft Visual Studio Solution File, Format Version 12.00
# Visual Studio 2012
Project("{FAE04EC0-301F-11D3-BF4B-00C04F79EFBC}") = "TasksManager", "TasksManager\TasksManager.csproj", "{5B9E8AE0-E9FD-4362-8EC9-9C1CB150F7E9}"
	ProjectSection(ProjectDependencies) = postProject
		{20742196-2CFA-48F6-991F-B4249CC5FCE7} = {20742196-2CFA-48F6-991F-B4249CC5FCE7}
	EndProjectSection
EndProject
Project("{FAE04EC0-301F-11D3-BF4B-00C04F79EFBC}") = "TasksManager.Web", "TasksManager.Web\TasksManager.Web.csproj", "{20742196-2CFA-48F6-991F-B4249CC5FCE7}"
EndProject
Global
	GlobalSection(SolutionConfigurationPlatforms) = preSolution
		Debug|Any CPU = Debug|Any CPU
		Release|Any CPU = Release|Any CPU
	EndGlobalSection
	GlobalSection(ProjectConfigurationPlatforms) = postSolution
		{5B9E8AE0-E9FD-4362-8EC9-9C1CB150F7E9}.Debug|Any CPU.ActiveCfg = Debug|Any CPU
		{5B9E8AE0-E9FD-4362-8EC9-9C1CB150F7E9}.Debug|Any CPU.Build.0 = Debug|Any CPU
		{5B9E8AE0-E9FD-4362-8EC9-9C1CB150F7E9}.Release|Any CPU.ActiveCfg = Release|Any CPU
		{5B9E8AE0-E9FD-4362-8EC9-9C1CB150F7E9}.Release|Any CPU.Build.0 = Release|Any CPU
		{20742196-2CFA-48F6-991F-B4249CC5FCE7}.Debug|Any CPU.ActiveCfg = Debug|Any CPU
		{20742196-2CFA-48F6-991F-B4249CC5FCE7}.Debug|Any CPU.Build.0 = Debug|Any CPU
		{20742196-2CFA-48F6-991F-B4249CC5FCE7}.Release|Any CPU.ActiveCfg = Release|Any CPU
		{20742196-2CFA-48F6-991F-B4249CC5FCE7}.Release|Any CPU.Build.0 = Release|Any CPU
	EndGlobalSection
	GlobalSection(SolutionProperties) = preSolution
		HideSolutionNode = FALSE
	EndGlobalSection
EndGlobal
